<?xml version="1.0" encoding="utf-8"?>
<Project ToolsVersion="4.0" xmlns="http://schemas.microsoft.com/developer/msbuild/2003">
  <ItemGroup>
    <Filter Include="Source Files">
      <UniqueIdentifier>{4FC737F1-C7A5-4376-A066-2A32D752A2FF}</UniqueIdentifier>
      <Extensions>cpp;c;cc;cxx;def;odl;idl;hpj;bat;asm;asmx</Extensions>
    </Filter>
    <Filter Include="Header Files">
      <UniqueIdentifier>{93995380-89BD-4b04-88EB-625FBE52EBFB}</UniqueIdentifier>
      <Extensions>h;hpp;hxx;hm;inl;inc;xsd</Extensions>
    </Filter>
    <Filter Include="Resource Files">
      <UniqueIdentifier>{67DA6AB6-F800-4c08-8B7A-83BB121AAD01}</UniqueIdentifier>
      <Extensions>rc;ico;cur;bmp;dlg;rc2;rct;bin;rgs;gif;jpg;jpeg;jpe;resx;tiff;tif;png;wav</Extensions>
    </Filter>
    <Filter Include="Header Files\Hooks">
      <UniqueIdentifier>{8bcb9e0d-028e-4c70-9c5b-aaf65691b615}</UniqueIdentifier>
    </Filter>
    <Filter Include="Header Files\Features">
      <UniqueIdentifier>{72a7b0a8-3bf0-4389-9e1d-05c239e5e03f}</UniqueIdentifier>
    </Filter>
    <Filter Include="Source Files\Hooks">
      <UniqueIdentifier>{2f9947f0-5308-4fab-9aa0-1f81a8607ca9}</UniqueIdentifier>
    </Filter>
    <Filter Include="Source Files\Features">
      <UniqueIdentifier>{1d708a40-297f-4bb5-8571-a04222abf783}</UniqueIdentifier>
    </Filter>
  </ItemGroup>
  <ItemGroup>
    <ClCompile Include="stdafx.cpp">
      <Filter>Source Files</Filter>
    </ClCompile>
    <ClCompile Include="Main_Export.cpp">
      <Filter>Source Files</Filter>
    </ClCompile>
    <ClCompile Include="LoadHooks.cpp">
      <Filter>Source Files\Hooks</Filter>
    </ClCompile>
    <ClCompile Include="PCTaskViewGrid_Export.cpp">
      <Filter>Source Files\Features</Filter>
    </ClCompile>
    <ClCompile Include="PCExportXml_UPD.cpp">
      <Filter>Source Files\Features</Filter>
    </ClCompile>
  </ItemGroup>
  <ItemGroup>
    <None Include="Glass_Plugin_Izolux.def">
      <Filter>Source Files</Filter>
    </None>
    <None Include="res\Glass_Plugin_Izolux.rc2">
      <Filter>Resource Files</Filter>
    </None>
  </ItemGroup>
  <ItemGroup>
    <Midl Include="Glass_Plugin_Izolux.idl">
      <Filter>Source Files</Filter>
    </Midl>
  </ItemGroup>
  <ItemGroup>
    <ClInclude Include="Resource.h">
      <Filter>Header Files</Filter>
    </ClInclude>
    <ClInclude Include="stdafx.h">
      <Filter>Header Files</Filter>
    </ClInclude>
    <ClInclude Include="targetver.h">
      <Filter>Header Files</Filter>
    </ClInclude>
    <ClInclude Include="Main_Export.h">
      <Filter>Header Files</Filter>
    </ClInclude>
    <ClInclude Include="LoadHooks.h">
      <Filter>Header Files\Hooks</Filter>
    </ClInclude>
    <ClInclude Include="PCTaskViewGrid_Export.h">
      <Filter>Header Files\Features</Filter>
    </ClInclude>
    <ClInclude Include="PCExportXml_UPD.h">
      <Filter>Header Files\Features</Filter>
    </ClInclude>
  </ItemGroup>
  <ItemGroup>
    <Image Include="..\..\Design\Glass\res\Forms\00.bmp">
      <Filter>Resource Files</Filter>
    </Image>
    <Image Include="res\1.bmp">
      <Filter>Resource Files</Filter>
    </Image>
  </ItemGroup>
  <ItemGroup>
    <ResourceCompile Include="Glass_Plugin_Izolux.rc">
      <Filter>Resource Files</Filter>
    </ResourceCompile>
  </ItemGroup>
  <ItemGroup>
    <Text Include="ReadMe.txt" />
  </ItemGroup>
</Project>